
Microsoft Visual Studio Solution File, Format Version 12.00
# Visual Studio 15
VisualStudioVersion = 15.0.28307.645
MinimumVisualStudioVersion = 10.0.40219.1
Project("{F184B08F-C81C-45F6-A57F-5ABD9991F28F}") = "WindowsApp1", "WindowsApp1\WindowsApp1.vbproj", "{F0CF53A1-B3ED-4F52-BD2D-10DA91F72012}"
EndProject
Global
	GlobalSection(SolutionConfigurationPlatforms) = preSolution
		Debug|Any CPU = Debug|Any CPU
		Release|Any CPU = Release|Any CPU
	EndGlobalSection
	GlobalSection(ProjectConfigurationPlatforms) = postSolution
		{F0CF53A1-B3ED-4F52-BD2D-10DA91F72012}.Debug|Any CPU.ActiveCfg = Debug|Any CPU
		{F0CF53A1-B3ED-4F52-BD2D-10DA91F72012}.Debug|Any CPU.Build.0 = Debug|Any CPU
		{F0CF53A1-B3ED-4F52-BD2D-10DA91F72012}.Release|Any CPU.ActiveCfg = Release|Any CPU
		{F0CF53A1-B3ED-4F52-BD2D-10DA91F72012}.Release|Any CPU.Build.0 = Release|Any CPU
	EndGlobalSection
	GlobalSection(SolutionProperties) = preSolution
		HideSolutionNode = FALSE
	EndGlobalSection
	GlobalSection(ExtensibilityGlobals) = postSolution
		SolutionGuid = {13AF940B-2C01-4CE1-B172-BFB7E239C9DB}
	EndGlobalSection
EndGlobal
